
Microsoft Visual Studio Solution File, Format Version 12.00
# Visual Studio Version 16
VisualStudioVersion = 16.0.30320.27
MinimumVisualStudioVersion = 10.0.40219.1
Project("{FAE04EC0-301F-11D3-BF4B-00C04F79EFBC}") = "jpddoocp", "jpddoocp.csproj", "{89E77316-FBEF-42EC-9FBD-79498319C42B}"
EndProject
Global
	GlobalSection(SolutionConfigurationPlatforms) = preSolution
		Debug|Any CPU = Debug|Any CPU
		Release|Any CPU = Release|Any CPU
	EndGlobalSection
	GlobalSection(ProjectConfigurationPlatforms) = postSolution
		{89E77316-FBEF-42EC-9FBD-79498319C42B}.Debug|Any CPU.ActiveCfg = Debug|Any CPU
		{89E77316-FBEF-42EC-9FBD-79498319C42B}.Debug|Any CPU.Build.0 = Debug|Any CPU
		{89E77316-FBEF-42EC-9FBD-79498319C42B}.Release|Any CPU.ActiveCfg = Release|Any CPU
		{89E77316-FBEF-42EC-9FBD-79498319C42B}.Release|Any CPU.Build.0 = Release|Any CPU
	EndGlobalSection
	GlobalSection(SolutionProperties) = preSolution
		HideSolutionNode = FALSE
	EndGlobalSection
	GlobalSection(ExtensibilityGlobals) = postSolution
		SolutionGuid = {A6F0271A-F71D-4F70-BB1E-9508B2147756}
	EndGlobalSection
EndGlobal
